// !$*UTF8*$!
{
	archiveVersion = 1;
	classes = {
	};
	objectVersion = 56;
	objects = {

/* Begin PBXBuildFile section */
		36010E702A5625CF000C1AB3 /* SmartShopperApp.swift in Sources */ = {isa = PBXBuildFile; fileRef = 36010E6F2A5625CF000C1AB3 /* SmartShopperApp.swift */; };
		36010E722A5625CF000C1AB3 /* ContentView.swift in Sources */ = {isa = PBXBuildFile; fileRef = 36010E712A5625CF000C1AB3 /* ContentView.swift */; };
		36010E742A5625D0000C1AB3 /* Assets.xcassets in Resources */ = {isa = PBXBuildFile; fileRef = 36010E732A5625D0000C1AB3 /* Assets.xcassets */; };
		36010E772A5625D0000C1AB3 /* Preview Assets.xcassets in Resources */ = {isa = PBXBuildFile; fileRef = 36010E762A5625D0000C1AB3 /* Preview Assets.xcassets */; };
		36010E972A5797B3000C1AB3 /* HomeScreen.swift in Sources */ = {isa = PBXBuildFile; fileRef = 36010E962A5797B3000C1AB3 /* HomeScreen.swift */; };
		36B722642A5CCAE800112F14 /* View1.swift in Sources */ = {isa = PBXBuildFile; fileRef = 36B722632A5CCAE800112F14 /* View1.swift */; };
		36B722662A5CCAF800112F14 /* View2.swift in Sources */ = {isa = PBXBuildFile; fileRef = 36B722652A5CCAF800112F14 /* View2.swift */; };
		36B722682A5CCB0E00112F14 /* View3.swift in Sources */ = {isa = PBXBuildFile; fileRef = 36B722672A5CCB0E00112F14 /* View3.swift */; };
		36B7226C2A5CDB6200112F14 /* Main.swift in Sources */ = {isa = PBXBuildFile; fileRef = 36B7226B2A5CDB6200112F14 /* Main.swift */; };
		36B7226E2A5CE20000112F14 /* ListScreen.swift in Sources */ = {isa = PBXBuildFile; fileRef = 36B7226D2A5CE20000112F14 /* ListScreen.swift */; };
		36B722702A5F65C300112F14 /* View4.swift in Sources */ = {isa = PBXBuildFile; fileRef = 36B7226F2A5F65C300112F14 /* View4.swift */; };
		36B722722A60B00400112F14 /* CreateListView.swift in Sources */ = {isa = PBXBuildFile; fileRef = 36B722712A60B00400112F14 /* CreateListView.swift */; };
		36B722762A60B47900112F14 /* CHATGPTView.swift in Sources */ = {isa = PBXBuildFile; fileRef = 36B722752A60B47900112F14 /* CHATGPTView.swift */; };
		36B722782A60B61B00112F14 /* AccountView.swift in Sources */ = {isa = PBXBuildFile; fileRef = 36B722772A60B61B00112F14 /* AccountView.swift */; };
		36B7227A2A60B79200112F14 /* BudgetView.swift in Sources */ = {isa = PBXBuildFile; fileRef = 36B722792A60B79200112F14 /* BudgetView.swift */; };
		36B7227C2A60BADD00112F14 /* Delivery.swift in Sources */ = {isa = PBXBuildFile; fileRef = 36B7227B2A60BADD00112F14 /* Delivery.swift */; };
		36B7227E2A60BCB000112F14 /* Recipes.swift in Sources */ = {isa = PBXBuildFile; fileRef = 36B7227D2A60BCB000112F14 /* Recipes.swift */; };
		36B722802A60C0D100112F14 /* Register.swift in Sources */ = {isa = PBXBuildFile; fileRef = 36B7227F2A60C0D100112F14 /* Register.swift */; };
		36B722822A60C76200112F14 /* Browse.swift in Sources */ = {isa = PBXBuildFile; fileRef = 36B722812A60C76200112F14 /* Browse.swift */; };
		36B722842A60CFC100112F14 /* ExportLists.swift in Sources */ = {isa = PBXBuildFile; fileRef = 36B722832A60CFC100112F14 /* ExportLists.swift */; };
		36B722862A60CFD700112F14 /* ImportLists.swift in Sources */ = {isa = PBXBuildFile; fileRef = 36B722852A60CFD700112F14 /* ImportLists.swift */; };
/* End PBXBuildFile section */

/* Begin PBXFileReference section */
		36010E6C2A5625CF000C1AB3 /* SmartShopper.app */ = {isa = PBXFileReference; explicitFileType = wrapper.application; includeInIndex = 0; path = SmartShopper.app; sourceTree = BUILT_PRODUCTS_DIR; };
		36010E6F2A5625CF000C1AB3 /* SmartShopperApp.swift */ = {isa = PBXFileReference; lastKnownFileType = sourcecode.swift; path = SmartShopperApp.swift; sourceTree = "<group>"; };
		36010E712A5625CF000C1AB3 /* ContentView.swift */ = {isa = PBXFileReference; lastKnownFileType = sourcecode.swift; path = ContentView.swift; sourceTree = "<group>"; };
		36010E732A5625D0000C1AB3 /* Assets.xcassets */ = {isa = PBXFileReference; lastKnownFileType = folder.assetcatalog; path = Assets.xcassets; sourceTree = "<group>"; };
		36010E762A5625D0000C1AB3 /* Preview Assets.xcassets */ = {isa = PBXFileReference; lastKnownFileType = folder.assetcatalog; path = "Preview Assets.xcassets"; sourceTree = "<group>"; };
		36010E962A5797B3000C1AB3 /* HomeScreen.swift */ = {isa = PBXFileReference; lastKnownFileType = sourcecode.swift; path = HomeScreen.swift; sourceTree = "<group>"; };
		36B722632A5CCAE800112F14 /* View1.swift */ = {isa = PBXFileReference; lastKnownFileType = sourcecode.swift; path = View1.swift; sourceTree = "<group>"; };
		36B722652A5CCAF800112F14 /* View2.swift */ = {isa = PBXFileReference; lastKnownFileType = sourcecode.swift; path = View2.swift; sourceTree = "<group>"; };
		36B722672A5CCB0E00112F14 /* View3.swift */ = {isa = PBXFileReference; lastKnownFileType = sourcecode.swift; path = View3.swift; sourceTree = "<group>"; };
		36B7226B2A5CDB6200112F14 /* Main.swift */ = {isa = PBXFileReference; lastKnownFileType = sourcecode.swift; path = Main.swift; sourceTree = "<group>"; };
		36B7226D2A5CE20000112F14 /* ListScreen.swift */ = {isa = PBXFileReference; lastKnownFileType = sourcecode.swift; path = ListScreen.swift; sourceTree = "<group>"; };
		36B7226F2A5F65C300112F14 /* View4.swift */ = {isa = PBXFileReference; lastKnownFileType = sourcecode.swift; path = View4.swift; sourceTree = "<group>"; };
		36B722712A60B00400112F14 /* CreateListView.swift */ = {isa = PBXFileReference; fileEncoding = 4; lastKnownFileType = sourcecode.swift; path = CreateListView.swift; sourceTree = "<group>"; };
		36B722752A60B47900112F14 /* CHATGPTView.swift */ = {isa = PBXFileReference; fileEncoding = 4; lastKnownFileType = sourcecode.swift; path = CHATGPTView.swift; sourceTree = "<group>"; };
		36B722772A60B61B00112F14 /* AccountView.swift */ = {isa = PBXFileReference; lastKnownFileType = sourcecode.swift; path = AccountView.swift; sourceTree = "<group>"; };
		36B722792A60B79200112F14 /* BudgetView.swift */ = {isa = PBXFileReference; lastKnownFileType = sourcecode.swift; path = BudgetView.swift; sourceTree = "<group>"; };
		36B7227B2A60BADD00112F14 /* Delivery.swift */ = {isa = PBXFileReference; fileEncoding = 4; lastKnownFileType = sourcecode.swift; path = Delivery.swift; sourceTree = "<group>"; };
		36B7227D2A60BCB000112F14 /* Recipes.swift */ = {isa = PBXFileReference; fileEncoding = 4; lastKnownFileType = sourcecode.swift; path = Recipes.swift; sourceTree = "<group>"; };
		36B7227F2A60C0D100112F14 /* Register.swift */ = {isa = PBXFileReference; lastKnownFileType = sourcecode.swift; path = Register.swift; sourceTree = "<group>"; };
		36B722812A60C76200112F14 /* Browse.swift */ = {isa = PBXFileReference; lastKnownFileType = sourcecode.swift; path = Browse.swift; sourceTree = "<group>"; };
		36B722832A60CFC100112F14 /* ExportLists.swift */ = {isa = PBXFileReference; lastKnownFileType = sourcecode.swift; path = ExportLists.swift; sourceTree = "<group>"; };
		36B722852A60CFD700112F14 /* ImportLists.swift */ = {isa = PBXFileReference; lastKnownFileType = sourcecode.swift; path = ImportLists.swift; sourceTree = "<group>"; };
/* End PBXFileReference section */

/* Begin PBXFrameworksBuildPhase section */
		36010E692A5625CF000C1AB3 /* Frameworks */ = {
			isa = PBXFrameworksBuildPhase;
			buildActionMask = 2147483647;
			files = (
			);
			runOnlyForDeploymentPostprocessing = 0;
		};
/* End PBXFrameworksBuildPhase section */

/* Begin PBXGroup section */
		36010E632A5625CF000C1AB3 = {
			isa = PBXGroup;
			children = (
				36010E6E2A5625CF000C1AB3 /* SmartShopper */,
				36010E6D2A5625CF000C1AB3 /* Products */,
			);
			sourceTree = "<group>";
		};
		36010E6D2A5625CF000C1AB3 /* Products */ = {
			isa = PBXGroup;
			children = (
				36010E6C2A5625CF000C1AB3 /* SmartShopper.app */,
			);
			name = Products;
			sourceTree = "<group>";
		};
		36010E6E2A5625CF000C1AB3 /* SmartShopper */ = {
			isa = PBXGroup;
			children = (
				36010E6F2A5625CF000C1AB3 /* SmartShopperApp.swift */,
				36010E712A5625CF000C1AB3 /* ContentView.swift */,
				36B7226B2A5CDB6200112F14 /* Main.swift */,
				36010E962A5797B3000C1AB3 /* HomeScreen.swift */,
				36B7226D2A5CE20000112F14 /* ListScreen.swift */,
				36B722832A60CFC100112F14 /* ExportLists.swift */,
				36B722852A60CFD700112F14 /* ImportLists.swift */,
				36B722632A5CCAE800112F14 /* View1.swift */,
				36B722652A5CCAF800112F14 /* View2.swift */,
				36B722672A5CCB0E00112F14 /* View3.swift */,
				36B7226F2A5F65C300112F14 /* View4.swift */,
				36010E732A5625D0000C1AB3 /* Assets.xcassets */,
				36B722712A60B00400112F14 /* CreateListView.swift */,
				36B722752A60B47900112F14 /* CHATGPTView.swift */,
				36B722792A60B79200112F14 /* BudgetView.swift */,
				36B722772A60B61B00112F14 /* AccountView.swift */,
				36B7227B2A60BADD00112F14 /* Delivery.swift */,
				36B7227D2A60BCB000112F14 /* Recipes.swift */,
				36B7227F2A60C0D100112F14 /* Register.swift */,
				36B722812A60C76200112F14 /* Browse.swift */,
				36010E752A5625D0000C1AB3 /* Preview Content */,
			);
			path = SmartShopper;
			sourceTree = "<group>";
		};
		36010E752A5625D0000C1AB3 /* Preview Content */ = {
			isa = PBXGroup;
			children = (
				36010E762A5625D0000C1AB3 /* Preview Assets.xcassets */,
			);
			path = "Preview Content";
			sourceTree = "<group>";
		};
/* End PBXGroup section */

/* Begin PBXNativeTarget section */
		36010E6B2A5625CF000C1AB3 /* SmartShopper */ = {
			isa = PBXNativeTarget;
			buildConfigurationList = 36010E7A2A5625D0000C1AB3 /* Build configuration list for PBXNativeTarget "SmartShopper" */;
			buildPhases = (
				36010E682A5625CF000C1AB3 /* Sources */,
				36010E692A5625CF000C1AB3 /* Frameworks */,
				36010E6A2A5625CF000C1AB3 /* Resources */,
			);
			buildRules = (
			);
			dependencies = (
			);
			name = SmartShopper;
			productName = SmartShopper;
			productReference = 36010E6C2A5625CF000C1AB3 /* SmartShopper.app */;
			productType = "com.apple.product-type.application";
		};
/* End PBXNativeTarget section */

/* Begin PBXProject section */
		36010E642A5625CF000C1AB3 /* Project object */ = {
			isa = PBXProject;
			attributes = {
				BuildIndependentTargetsInParallel = 1;
				LastSwiftUpdateCheck = 1430;
				LastUpgradeCheck = 1430;
				TargetAttributes = {
					36010E6B2A5625CF000C1AB3 = {
						CreatedOnToolsVersion = 14.3.1;
					};
				};
			};
			buildConfigurationList = 36010E672A5625CF000C1AB3 /* Build configuration list for PBXProject "SmartShopper" */;
			compatibilityVersion = "Xcode 14.0";
			developmentRegion = en;
			hasScannedForEncodings = 0;
			knownRegions = (
				en,
				Base,
			);
			mainGroup = 36010E632A5625CF000C1AB3;
			productRefGroup = 36010E6D2A5625CF000C1AB3 /* Products */;
			projectDirPath = "";
			projectRoot = "";
			targets = (
				36010E6B2A5625CF000C1AB3 /* SmartShopper */,
			);
		};
/* End PBXProject section */

/* Begin PBXResourcesBuildPhase section */
		36010E6A2A5625CF000C1AB3 /* Resources */ = {
			isa = PBXResourcesBuildPhase;
			buildActionMask = 2147483647;
			files = (
				36010E772A5625D0000C1AB3 /* Preview Assets.xcassets in Resources */,
				36010E742A5625D0000C1AB3 /* Assets.xcassets in Resources */,
			);
			runOnlyForDeploymentPostprocessing = 0;
		};
/* End PBXResourcesBuildPhase section */

/* Begin PBXSourcesBuildPhase section */
		36010E682A5625CF000C1AB3 /* Sources */ = {
			isa = PBXSourcesBuildPhase;
			buildActionMask = 2147483647;
			files = (
				36B7226C2A5CDB6200112F14 /* Main.swift in Sources */,
				36B722822A60C76200112F14 /* Browse.swift in Sources */,
				36B722862A60CFD700112F14 /* ImportLists.swift in Sources */,
				36B722802A60C0D100112F14 /* Register.swift in Sources */,
				36010E722A5625CF000C1AB3 /* ContentView.swift in Sources */,
				36B722662A5CCAF800112F14 /* View2.swift in Sources */,
				36B7227E2A60BCB000112F14 /* Recipes.swift in Sources */,
				36B722762A60B47900112F14 /* CHATGPTView.swift in Sources */,
				36B7227A2A60B79200112F14 /* BudgetView.swift in Sources */,
				36B722782A60B61B00112F14 /* AccountView.swift in Sources */,
				36B722702A5F65C300112F14 /* View4.swift in Sources */,
				36B722682A5CCB0E00112F14 /* View3.swift in Sources */,
				36010E702A5625CF000C1AB3 /* SmartShopperApp.swift in Sources */,
				36B722722A60B00400112F14 /* CreateListView.swift in Sources */,
				36B7226E2A5CE20000112F14 /* ListScreen.swift in Sources */,
				36010E972A5797B3000C1AB3 /* HomeScreen.swift in Sources */,
				36B7227C2A60BADD00112F14 /* Delivery.swift in Sources */,
				36B722642A5CCAE800112F14 /* View1.swift in Sources */,
				36B722842A60CFC100112F14 /* ExportLists.swift in Sources */,
			);
			runOnlyForDeploymentPostprocessing = 0;
		};
/* End PBXSourcesBuildPhase section */

/* Begin XCBuildConfiguration section */
		36010E782A5625D0000C1AB3 /* Debug */ = {
			isa = XCBuildConfiguration;
			buildSettings = {
				ALWAYS_SEARCH_USER_PATHS = NO;
				CLANG_ANALYZER_NONNULL = YES;
				CLANG_ANALYZER_NUMBER_OBJECT_CONVERSION = YES_AGGRESSIVE;
				CLANG_CXX_LANGUAGE_STANDARD = "gnu++20";
				CLANG_ENABLE_MODULES = YES;
				CLANG_ENABLE_OBJC_ARC = YES;
				CLANG_ENABLE_OBJC_WEAK = YES;
				CLANG_WARN_BLOCK_CAPTURE_AUTORELEASING = YES;
				CLANG_WARN_BOOL_CONVERSION = YES;
				CLANG_WARN_COMMA = YES;
				CLANG_WARN_CONSTANT_CONVERSION = YES;
				CLANG_WARN_DEPRECATED_OBJC_IMPLEMENTATIONS = YES;
				CLANG_WARN_DIRECT_OBJC_ISA_USAGE = YES_ERROR;
				CLANG_WARN_DOCUMENTATION_COMMENTS = YES;
				CLANG_WARN_EMPTY_BODY = YES;
				CLANG_WARN_ENUM_CONVERSION = YES;
				CLANG_WARN_INFINITE_RECURSION = YES;
				CLANG_WARN_INT_CONVERSION = YES;
				CLANG_WARN_NON_LITERAL_NULL_CONVERSION = YES;
				CLANG_WARN_OBJC_IMPLICIT_RETAIN_SELF = YES;
				CLANG_WARN_OBJC_LITERAL_CONVERSION = YES;
				CLANG_WARN_OBJC_ROOT_CLASS = YES_ERROR;
				CLANG_WARN_QUOTED_INCLUDE_IN_FRAMEWORK_HEADER = YES;
				CLANG_WARN_RANGE_LOOP_ANALYSIS = YES;
				CLANG_WARN_STRICT_PROTOTYPES = YES;
				CLANG_WARN_SUSPICIOUS_MOVE = YES;
				CLANG_WARN_UNGUARDED_AVAILABILITY = YES_AGGRESSIVE;
				CLANG_WARN_UNREACHABLE_CODE = YES;
				CLANG_WARN__DUPLICATE_METHOD_MATCH = YES;
				COPY_PHASE_STRIP = NO;
				DEBUG_INFORMATION_FORMAT = dwarf;
				ENABLE_STRICT_OBJC_MSGSEND = YES;
				ENABLE_TESTABILITY = YES;
				GCC_C_LANGUAGE_STANDARD = gnu11;
				GCC_DYNAMIC_NO_PIC = NO;
				GCC_NO_COMMON_BLOCKS = YES;
				GCC_OPTIMIZATION_LEVEL = 0;
				GCC_PREPROCESSOR_DEFINITIONS = (
					"DEBUG=1",
					"$(inherited)",
				);
				GCC_WARN_64_TO_32_BIT_CONVERSION = YES;
				GCC_WARN_ABOUT_RETURN_TYPE = YES_ERROR;
				GCC_WARN_UNDECLARED_SELECTOR = YES;
				GCC_WARN_UNINITIALIZED_AUTOS = YES_AGGRESSIVE;
				GCC_WARN_UNUSED_FUNCTION = YES;
				GCC_WARN_UNUSED_VARIABLE = YES;
				IPHONEOS_DEPLOYMENT_TARGET = 16.4;
				MTL_ENABLE_DEBUG_INFO = INCLUDE_SOURCE;
				MTL_FAST_MATH = YES;
				ONLY_ACTIVE_ARCH = YES;
				SDKROOT = iphoneos;
				SWIFT_ACTIVE_COMPILATION_CONDITIONS = DEBUG;
				SWIFT_OPTIMIZATION_LEVEL = "-Onone";
			};
			name = Debug;
		};
		36010E792A5625D0000C1AB3 /* Release */ = {
			isa = XCBuildConfiguration;
			buildSettings = {
				ALWAYS_SEARCH_USER_PATHS = NO;
				CLANG_ANALYZER_NONNULL = YES;
				CLANG_ANALYZER_NUMBER_OBJECT_CONVERSION = YES_AGGRESSIVE;
				CLANG_CXX_LANGUAGE_STANDARD = "gnu++20";
				CLANG_ENABLE_MODULES = YES;
				CLANG_ENABLE_OBJC_ARC = YES;
				CLANG_ENABLE_OBJC_WEAK = YES;
				CLANG_WARN_BLOCK_CAPTURE_AUTORELEASING = YES;
				CLANG_WARN_BOOL_CONVERSION = YES;
				CLANG_WARN_COMMA = YES;
				CLANG_WARN_CONSTANT_CONVERSION = YES;
				CLANG_WARN_DEPRECATED_OBJC_IMPLEMENTATIONS = YES;
				CLANG_WARN_DIRECT_OBJC_ISA_USAGE = YES_ERROR;
				CLANG_WARN_DOCUMENTATION_COMMENTS = YES;
				CLANG_WARN_EMPTY_BODY = YES;
				CLANG_WARN_ENUM_CONVERSION = YES;
				CLANG_WARN_INFINITE_RECURSION = YES;
				CLANG_WARN_INT_CONVERSION = YES;
				CLANG_WARN_NON_LITERAL_NULL_CONVERSION = YES;
				CLANG_WARN_OBJC_IMPLICIT_RETAIN_SELF = YES;
				CLANG_WARN_OBJC_LITERAL_CONVERSION = YES;
				CLANG_WARN_OBJC_ROOT_CLASS = YES_ERROR;
				CLANG_WARN_QUOTED_INCLUDE_IN_FRAMEWORK_HEADER = YES;
				CLANG_WARN_RANGE_LOOP_ANALYSIS = YES;
				CLANG_WARN_STRICT_PROTOTYPES = YES;
				CLANG_WARN_SUSPICIOUS_MOVE = YES;
				CLANG_WARN_UNGUARDED_AVAILABILITY = YES_AGGRESSIVE;
				CLANG_WARN_UNREACHABLE_CODE = YES;
				CLANG_WARN__DUPLICATE_METHOD_MATCH = YES;
				COPY_PHASE_STRIP = NO;
				DEBUG_INFORMATION_FORMAT = "dwarf-with-dsym";
				ENABLE_NS_ASSERTIONS = NO;
				ENABLE_STRICT_OBJC_MSGSEND = YES;
				GCC_C_LANGUAGE_STANDARD = gnu11;
				GCC_NO_COMMON_BLOCKS = YES;
				GCC_WARN_64_TO_32_BIT_CONVERSION = YES;
				GCC_WARN_ABOUT_RETURN_TYPE = YES_ERROR;
				GCC_WARN_UNDECLARED_SELECTOR = YES;
				GCC_WARN_UNINITIALIZED_AUTOS = YES_AGGRESSIVE;
				GCC_WARN_UNUSED_FUNCTION = YES;
				GCC_WARN_UNUSED_VARIABLE = YES;
				IPHONEOS_DEPLOYMENT_TARGET = 16.4;
				MTL_ENABLE_DEBUG_INFO = NO;
				MTL_FAST_MATH = YES;
				SDKROOT = iphoneos;
				SWIFT_COMPILATION_MODE = wholemodule;
				SWIFT_OPTIMIZATION_LEVEL = "-O";
				VALIDATE_PRODUCT = YES;
			};
			name = Release;
		};
		36010E7B2A5625D0000C1AB3 /* Debug */ = {
			isa = XCBuildConfiguration;
			buildSettings = {
				ASSETCATALOG_COMPILER_APPICON_NAME = AppIcon;
				ASSETCATALOG_COMPILER_GLOBAL_ACCENT_COLOR_NAME = AccentColor;
				CODE_SIGN_STYLE = Automatic;
				CURRENT_PROJECT_VERSION = 1;
				DEVELOPMENT_ASSET_PATHS = "\"SmartShopper/Preview Content\"";
				ENABLE_PREVIEWS = YES;
				GENERATE_INFOPLIST_FILE = YES;
				INFOPLIST_KEY_UIApplicationSceneManifest_Generation = YES;
				INFOPLIST_KEY_UIApplicationSupportsIndirectInputEvents = YES;
				INFOPLIST_KEY_UILaunchScreen_Generation = YES;
				INFOPLIST_KEY_UISupportedInterfaceOrientations_iPad = "UIInterfaceOrientationPortrait UIInterfaceOrientationPortraitUpsideDown UIInterfaceOrientationLandscapeLeft UIInterfaceOrientationLandscapeRight";
				INFOPLIST_KEY_UISupportedInterfaceOrientations_iPhone = "UIInterfaceOrientationPortrait UIInterfaceOrientationLandscapeLeft UIInterfaceOrientationLandscapeRight";
				LD_RUNPATH_SEARCH_PATHS = (
					"$(inherited)",
					"@executable_path/Frameworks",
				);
				MARKETING_VERSION = 1.0;
				PRODUCT_BUNDLE_IDENTIFIER = com.stevenvallarsa.SmartShopper;
				PRODUCT_NAME = "$(TARGET_NAME)";
				SWIFT_EMIT_LOC_STRINGS = YES;
				SWIFT_VERSION = 5.0;
				TARGETED_DEVICE_FAMILY = "1,2";
			};
			name = Debug;
		};
		36010E7C2A5625D0000C1AB3 /* Release */ = {
			isa = XCBuildConfiguration;
			buildSettings = {
				ASSETCATALOG_COMPILER_APPICON_NAME = AppIcon;
				ASSETCATALOG_COMPILER_GLOBAL_ACCENT_COLOR_NAME = AccentColor;
				CODE_SIGN_STYLE = Automatic;
				CURRENT_PROJECT_VERSION = 1;
				DEVELOPMENT_ASSET_PATHS = "\"SmartShopper/Preview Content\"";
				ENABLE_PREVIEWS = YES;
				GENERATE_INFOPLIST_FILE = YES;
				INFOPLIST_KEY_UIApplicationSceneManifest_Generation = YES;
				INFOPLIST_KEY_UIApplicationSupportsIndirectInputEvents = YES;
				INFOPLIST_KEY_UILaunchScreen_Generation = YES;
				INFOPLIST_KEY_UISupportedInterfaceOrientations_iPad = "UIInterfaceOrientationPortrait UIInterfaceOrientationPortraitUpsideDown UIInterfaceOrientationLandscapeLeft UIInterfaceOrientationLandscapeRight";
				INFOPLIST_KEY_UISupportedInterfaceOrientations_iPhone = "UIInterfaceOrientationPortrait UIInterfaceOrientationLandscapeLeft UIInterfaceOrientationLandscapeRight";
				LD_RUNPATH_SEARCH_PATHS = (
					"$(inherited)",
					"@executable_path/Frameworks",
				);
				MARKETING_VERSION = 1.0;
				PRODUCT_BUNDLE_IDENTIFIER = com.stevenvallarsa.SmartShopper;
				PRODUCT_NAME = "$(TARGET_NAME)";
				SWIFT_EMIT_LOC_STRINGS = YES;
				SWIFT_VERSION = 5.0;
				TARGETED_DEVICE_FAMILY = "1,2";
			};
			name = Release;
		};
/* End XCBuildConfiguration section */

/* Begin XCConfigurationList section */
		36010E672A5625CF000C1AB3 /* Build configuration list for PBXProject "SmartShopper" */ = {
			isa = XCConfigurationList;
			buildConfigurations = (
				36010E782A5625D0000C1AB3 /* Debug */,
				36010E792A5625D0000C1AB3 /* Release */,
			);
			defaultConfigurationIsVisible = 0;
			defaultConfigurationName = Release;
		};
		36010E7A2A5625D0000C1AB3 /* Build configuration list for PBXNativeTarget "SmartShopper" */ = {
			isa = XCConfigurationList;
			buildConfigurations = (
				36010E7B2A5625D0000C1AB3 /* Debug */,
				36010E7C2A5625D0000C1AB3 /* Release */,
			);
			defaultConfigurationIsVisible = 0;
			defaultConfigurationName = Release;
		};
/* End XCConfigurationList section */
	};
	rootObject = 36010E642A5625CF000C1AB3 /* Project object */;
}
